{
  "name": "using-lodash",
  "version": "1.0.0",
  "lockfileVersion": 1,
  "requires": true,
  "dependencies": {
    "node": {
      "version": "6.17.1",
      "resolved": "https://registry.npmjs.org/node/-/node-6.17.1.tgz",
      "integrity": "sha512-UxUxZs9fRPqJMtnC46HZSc1v+kKci2aAwgns9b3DZsolIrrgOwUqUoJu0gA8XiOgv0l7EnFNSg9t0NfLpIBf4g==",
      "requires": {
        "node-bin-setup": "^1.0.0"
      }
    },
    "node-bin-setup": {
      "version": "1.0.6",
      "resolved": "https://registry.npmjs.org/node-bin-setup/-/node-bin-setup-1.0.6.tgz",
      "integrity": "sha512-uPIxXNis1CRbv1DwqAxkgBk5NFV3s7cMN/Gf556jSw6jBvV7ca4F9lRL/8cALcZecRibeqU+5dFYqFFmzv5a0Q=="
    }
  }
}
